
Microsoft Visual Studio Solution File, Format Version 12.00
# Visual Studio Version 17
VisualStudioVersion = 17.7.34031.279
MinimumVisualStudioVersion = 10.0.40219.1
Project("{9A19103F-16F7-4668-BE54-9A1E7A4F7556}") = "Calculator", "Laba1\Calculator.csproj", "{2A00DA84-9BA4-456A-A514-84FE270DC7CB}"
EndProject
Project("{FAE04EC0-301F-11D3-BF4B-00C04F79EFBC}") = "CalculatorLibrary", "CalculatorLibrary\CalculatorLibrary.csproj", "{E9AC214B-B421-4B95-9E7D-69A46F17F72F}"
EndProject
Global
	GlobalSection(SolutionConfigurationPlatforms) = preSolution
		Debug|Any CPU = Debug|Any CPU
		Release|Any CPU = Release|Any CPU
	EndGlobalSection
	GlobalSection(ProjectConfigurationPlatforms) = postSolution
		{2A00DA84-9BA4-456A-A514-84FE270DC7CB}.Debug|Any CPU.ActiveCfg = Debug|Any CPU
		{2A00DA84-9BA4-456A-A514-84FE270DC7CB}.Debug|Any CPU.Build.0 = Debug|Any CPU
		{2A00DA84-9BA4-456A-A514-84FE270DC7CB}.Release|Any CPU.ActiveCfg = Release|Any CPU
		{2A00DA84-9BA4-456A-A514-84FE270DC7CB}.Release|Any CPU.Build.0 = Release|Any CPU
		{E9AC214B-B421-4B95-9E7D-69A46F17F72F}.Debug|Any CPU.ActiveCfg = Debug|Any CPU
		{E9AC214B-B421-4B95-9E7D-69A46F17F72F}.Debug|Any CPU.Build.0 = Debug|Any CPU
		{E9AC214B-B421-4B95-9E7D-69A46F17F72F}.Release|Any CPU.ActiveCfg = Release|Any CPU
		{E9AC214B-B421-4B95-9E7D-69A46F17F72F}.Release|Any CPU.Build.0 = Release|Any CPU
	EndGlobalSection
	GlobalSection(SolutionProperties) = preSolution
		HideSolutionNode = FALSE
	EndGlobalSection
	GlobalSection(ExtensibilityGlobals) = postSolution
		SolutionGuid = {A480C2C1-E18E-49C2-AA6F-EBCA2ED7E9CF}
	EndGlobalSection
EndGlobal
